
Microsoft Visual Studio Solution File, Format Version 12.00
# Visual Studio Version 17
VisualStudioVersion = 17.5.33516.290
MinimumVisualStudioVersion = 10.0.40219.1
Project("{FAE04EC0-301F-11D3-BF4B-00C04F79EFBC}") = "QuanLyVanBan", "QuanLyVanBan.csproj", "{FB229027-1AFE-4F23-98C7-524441407CFA}"
EndProject
Global
	GlobalSection(SolutionConfigurationPlatforms) = preSolution
		Debug|Any CPU = Debug|Any CPU
		Release|Any CPU = Release|Any CPU
	EndGlobalSection
	GlobalSection(ProjectConfigurationPlatforms) = postSolution
		{FB229027-1AFE-4F23-98C7-524441407CFA}.Debug|Any CPU.ActiveCfg = Debug|Any CPU
		{FB229027-1AFE-4F23-98C7-524441407CFA}.Debug|Any CPU.Build.0 = Debug|Any CPU
		{FB229027-1AFE-4F23-98C7-524441407CFA}.Release|Any CPU.ActiveCfg = Release|Any CPU
		{FB229027-1AFE-4F23-98C7-524441407CFA}.Release|Any CPU.Build.0 = Release|Any CPU
	EndGlobalSection
	GlobalSection(SolutionProperties) = preSolution
		HideSolutionNode = FALSE
	EndGlobalSection
	GlobalSection(ExtensibilityGlobals) = postSolution
		SolutionGuid = {89AA8639-8B13-4B17-AE28-74CA1894FD49}
	EndGlobalSection
EndGlobal
